
Microsoft Visual Studio Solution File, Format Version 12.00
# Visual Studio 15
VisualStudioVersion = 15.0.27703.2026
MinimumVisualStudioVersion = 10.0.40219.1
Project("{FAE04EC0-301F-11D3-BF4B-00C04F79EFBC}") = "TestApp", "TestApp\TestApp.csproj", "{8F0C7D40-7D7F-4FD1-91A4-8E003DC7284D}"
EndProject
Global
	GlobalSection(SolutionConfigurationPlatforms) = preSolution
		Debug|Any CPU = Debug|Any CPU
		Release|Any CPU = Release|Any CPU
	EndGlobalSection
	GlobalSection(ProjectConfigurationPlatforms) = postSolution
		{8F0C7D40-7D7F-4FD1-91A4-8E003DC7284D}.Debug|Any CPU.ActiveCfg = Debug|Any CPU
		{8F0C7D40-7D7F-4FD1-91A4-8E003DC7284D}.Debug|Any CPU.Build.0 = Debug|Any CPU
		{8F0C7D40-7D7F-4FD1-91A4-8E003DC7284D}.Release|Any CPU.ActiveCfg = Release|Any CPU
		{8F0C7D40-7D7F-4FD1-91A4-8E003DC7284D}.Release|Any CPU.Build.0 = Release|Any CPU
	EndGlobalSection
	GlobalSection(SolutionProperties) = preSolution
		HideSolutionNode = FALSE
	EndGlobalSection
	GlobalSection(ExtensibilityGlobals) = postSolution
		SolutionGuid = {8A7EDB61-0585-4D48-B9A6-11ED2794C4BC}
	EndGlobalSection
EndGlobal
